
Microsoft Visual Studio Solution File, Format Version 12.00
# Visual Studio Version 17
VisualStudioVersion = 17.8.34316.72
MinimumVisualStudioVersion = 10.0.40219.1
Project("{9A19103F-16F7-4668-BE54-9A1E7A4F7556}") = "FileGenerator", "FileGenerator.csproj", "{D7E0555B-78B5-4A94-8F91-B4B86D365EDA}"
EndProject
Global
	GlobalSection(SolutionConfigurationPlatforms) = preSolution
		Debug|Any CPU = Debug|Any CPU
		Release|Any CPU = Release|Any CPU
	EndGlobalSection
	GlobalSection(ProjectConfigurationPlatforms) = postSolution
		{D7E0555B-78B5-4A94-8F91-B4B86D365EDA}.Debug|Any CPU.ActiveCfg = Debug|Any CPU
		{D7E0555B-78B5-4A94-8F91-B4B86D365EDA}.Debug|Any CPU.Build.0 = Debug|Any CPU
		{D7E0555B-78B5-4A94-8F91-B4B86D365EDA}.Release|Any CPU.ActiveCfg = Release|Any CPU
		{D7E0555B-78B5-4A94-8F91-B4B86D365EDA}.Release|Any CPU.Build.0 = Release|Any CPU
	EndGlobalSection
	GlobalSection(SolutionProperties) = preSolution
		HideSolutionNode = FALSE
	EndGlobalSection
	GlobalSection(ExtensibilityGlobals) = postSolution
		SolutionGuid = {FD4D64BF-94C7-4A60-88B3-6EFAA6EB60F4}
	EndGlobalSection
EndGlobal
